{
  "version": 1,
  "dependencies": {
    "net10.0": {
      "SqlExecutionEngine.Storage.Abstractions": {
        "type": "Direct",
        "requested": "[1.0.0, 1.0.0]",
        "resolved": "1.0.0",
        "contentHash": "bO/L2HPUkgzsYuuKgfzjKm+KxIffzP4CcD1o+wXofYBQ7+gwyDv5iRLe2E/WNMW0wg8m7rkd24rHtoppLTKKRA=="
      }
    }
  }
}